
Microsoft Visual Studio Solution File, Format Version 12.00
Project("{8BC9CEB8-8B4A-11D0-8D11-00A0C91BC942}") = "NineSquaredImgTool", "NineSquaredImgTool\NineSquaredImgTool.vcxproj", "{A7919496-FDA8-4E48-A819-93031D6567B2}"
EndProject
Global
	GlobalSection(SolutionConfigurationPlatforms) = preSolution
		Debug|Any CPU = Debug|Any CPU
		Release|Any CPU = Release|Any CPU
	EndGlobalSection
	GlobalSection(ProjectConfigurationPlatforms) = postSolution
		{A7919496-FDA8-4E48-A819-93031D6567B2}.Debug|Any CPU.ActiveCfg = Debug|x64
		{A7919496-FDA8-4E48-A819-93031D6567B2}.Debug|Any CPU.Build.0 = Debug|x64
		{A7919496-FDA8-4E48-A819-93031D6567B2}.Release|Any CPU.ActiveCfg = Release|x64
		{A7919496-FDA8-4E48-A819-93031D6567B2}.Release|Any CPU.Build.0 = Release|x64
	EndGlobalSection
EndGlobal
